{
  "originHash" : "990602f943d142d26b1a5421abe2a243e2e1077d090e31e151c33e3ec768723e",
  "pins" : [
    {
      "identity" : "sdwebimage",
      "kind" : "remoteSourceControl",
      "location" : "https://github.com/SDWebImage/SDWebImage.git",
      "state" : {
        "revision" : "e7d3256c497af9330a0df866ee38f544ddd87c49",
        "version" : "5.20.1"
      }
    }
  ],
  "version" : 3
}
